// !$*UTF8*$!
{
	archiveVersion = 1;
	classes = {
	};
	objectVersion = 48;
	objects = {

/* Begin PBXBuildFile section */
		A413DE761FB2ADA000267978 /* AppDelegate.swift in Sources */ = {isa = PBXBuildFile; fileRef = A413DE751FB2ADA000267978 /* AppDelegate.swift */; };
		A413DE7B1FB2ADA000267978 /* Main.storyboard in Resources */ = {isa = PBXBuildFile; fileRef = A413DE791FB2ADA000267978 /* Main.storyboard */; };
		A413DE7D1FB2ADA000267978 /* Assets.xcassets in Resources */ = {isa = PBXBuildFile; fileRef = A413DE7C1FB2ADA000267978 /* Assets.xcassets */; };
		A413DE801FB2ADA000267978 /* LaunchScreen.storyboard in Resources */ = {isa = PBXBuildFile; fileRef = A413DE7E1FB2ADA000267978 /* LaunchScreen.storyboard */; };
		A413DE8D1FB2AEDA00267978 /* AirportAPI.swift in Sources */ = {isa = PBXBuildFile; fileRef = A413DE8C1FB2AEDA00267978 /* AirportAPI.swift */; };
		A413DE8F1FB2AF5200267978 /* Airport.swift in Sources */ = {isa = PBXBuildFile; fileRef = A413DE8E1FB2AF5200267978 /* Airport.swift */; };
		A413DE911FB2AFAA00267978 /* DataStore.swift in Sources */ = {isa = PBXBuildFile; fileRef = A413DE901FB2AFAA00267978 /* DataStore.swift */; };
		A413DE931FB2B00A00267978 /* AirportCell.swift in Sources */ = {isa = PBXBuildFile; fileRef = A413DE921FB2B00A00267978 /* AirportCell.swift */; };
		A413DE951FB2B07D00267978 /* AirportSerachController.swift in Sources */ = {isa = PBXBuildFile; fileRef = A413DE941FB2B07D00267978 /* AirportSerachController.swift */; };
		A413DE971FB2B0D400267978 /* AirportsController.swift in Sources */ = {isa = PBXBuildFile; fileRef = A413DE961FB2B0D400267978 /* AirportsController.swift */; };
		A413DE991FB2B10F00267978 /* AirportDetailsController.swift in Sources */ = {isa = PBXBuildFile; fileRef = A413DE981FB2B10F00267978 /* AirportDetailsController.swift */; };
		A413DE9B1FB2B12F00267978 /* AirportMapController.swift in Sources */ = {isa = PBXBuildFile; fileRef = A413DE9A1FB2B12F00267978 /* AirportMapController.swift */; };
/* End PBXBuildFile section */

/* Begin PBXFileReference section */
		A413DE721FB2ADA000267978 /* Air.app */ = {isa = PBXFileReference; explicitFileType = wrapper.application; includeInIndex = 0; path = Air.app; sourceTree = BUILT_PRODUCTS_DIR; };
		A413DE751FB2ADA000267978 /* AppDelegate.swift */ = {isa = PBXFileReference; lastKnownFileType = sourcecode.swift; path = AppDelegate.swift; sourceTree = "<group>"; };
		A413DE7A1FB2ADA000267978 /* Base */ = {isa = PBXFileReference; lastKnownFileType = file.storyboard; name = Base; path = Base.lproj/Main.storyboard; sourceTree = "<group>"; };
		A413DE7C1FB2ADA000267978 /* Assets.xcassets */ = {isa = PBXFileReference; lastKnownFileType = folder.assetcatalog; path = Assets.xcassets; sourceTree = "<group>"; };
		A413DE7F1FB2ADA000267978 /* Base */ = {isa = PBXFileReference; lastKnownFileType = file.storyboard; name = Base; path = Base.lproj/LaunchScreen.storyboard; sourceTree = "<group>"; };
		A413DE811FB2ADA000267978 /* Info.plist */ = {isa = PBXFileReference; lastKnownFileType = text.plist.xml; path = Info.plist; sourceTree = "<group>"; };
		A413DE8C1FB2AEDA00267978 /* AirportAPI.swift */ = {isa = PBXFileReference; lastKnownFileType = sourcecode.swift; path = AirportAPI.swift; sourceTree = "<group>"; };
		A413DE8E1FB2AF5200267978 /* Airport.swift */ = {isa = PBXFileReference; lastKnownFileType = sourcecode.swift; path = Airport.swift; sourceTree = "<group>"; };
		A413DE901FB2AFAA00267978 /* DataStore.swift */ = {isa = PBXFileReference; lastKnownFileType = sourcecode.swift; path = DataStore.swift; sourceTree = "<group>"; };
		A413DE921FB2B00A00267978 /* AirportCell.swift */ = {isa = PBXFileReference; lastKnownFileType = sourcecode.swift; path = AirportCell.swift; sourceTree = "<group>"; };
		A413DE941FB2B07D00267978 /* AirportSerachController.swift */ = {isa = PBXFileReference; lastKnownFileType = sourcecode.swift; path = AirportSerachController.swift; sourceTree = "<group>"; };
		A413DE961FB2B0D400267978 /* AirportsController.swift */ = {isa = PBXFileReference; lastKnownFileType = sourcecode.swift; path = AirportsController.swift; sourceTree = "<group>"; };
		A413DE981FB2B10F00267978 /* AirportDetailsController.swift */ = {isa = PBXFileReference; lastKnownFileType = sourcecode.swift; path = AirportDetailsController.swift; sourceTree = "<group>"; };
		A413DE9A1FB2B12F00267978 /* AirportMapController.swift */ = {isa = PBXFileReference; lastKnownFileType = sourcecode.swift; path = AirportMapController.swift; sourceTree = "<group>"; };
/* End PBXFileReference section */

/* Begin PBXFrameworksBuildPhase section */
		A413DE6F1FB2ADA000267978 /* Frameworks */ = {
			isa = PBXFrameworksBuildPhase;
			buildActionMask = 2147483647;
			files = (
			);
			runOnlyForDeploymentPostprocessing = 0;
		};
/* End PBXFrameworksBuildPhase section */

/* Begin PBXGroup section */
		A413DE691FB2ADA000267978 = {
			isa = PBXGroup;
			children = (
				A413DE741FB2ADA000267978 /* Air */,
				A413DE731FB2ADA000267978 /* Products */,
			);
			sourceTree = "<group>";
		};
		A413DE731FB2ADA000267978 /* Products */ = {
			isa = PBXGroup;
			children = (
				A413DE721FB2ADA000267978 /* Air.app */,
			);
			name = Products;
			sourceTree = "<group>";
		};
		A413DE741FB2ADA000267978 /* Air */ = {
			isa = PBXGroup;
			children = (
				A413DE751FB2ADA000267978 /* AppDelegate.swift */,
				A413DE8B1FB2AE0F00267978 /* Web Service */,
				A413DE891FB2ADF600267978 /* Model */,
				A413DE8A1FB2AE0100267978 /* View */,
				A413DE881FB2ADEE00267978 /* Controller */,
				A413DE791FB2ADA000267978 /* Main.storyboard */,
				A413DE871FB2ADD400267978 /* Supporting Files */,
			);
			path = Air;
			sourceTree = "<group>";
		};
		A413DE871FB2ADD400267978 /* Supporting Files */ = {
			isa = PBXGroup;
			children = (
				A413DE7C1FB2ADA000267978 /* Assets.xcassets */,
				A413DE7E1FB2ADA000267978 /* LaunchScreen.storyboard */,
				A413DE811FB2ADA000267978 /* Info.plist */,
			);
			path = "Supporting Files";
			sourceTree = "<group>";
		};
		A413DE881FB2ADEE00267978 /* Controller */ = {
			isa = PBXGroup;
			children = (
				A413DE941FB2B07D00267978 /* AirportSerachController.swift */,
				A413DE961FB2B0D400267978 /* AirportsController.swift */,
				A413DE981FB2B10F00267978 /* AirportDetailsController.swift */,
				A413DE9A1FB2B12F00267978 /* AirportMapController.swift */,
			);
			path = Controller;
			sourceTree = "<group>";
		};
		A413DE891FB2ADF600267978 /* Model */ = {
			isa = PBXGroup;
			children = (
				A413DE8E1FB2AF5200267978 /* Airport.swift */,
				A413DE901FB2AFAA00267978 /* DataStore.swift */,
			);
			path = Model;
			sourceTree = "<group>";
		};
		A413DE8A1FB2AE0100267978 /* View */ = {
			isa = PBXGroup;
			children = (
				A413DE921FB2B00A00267978 /* AirportCell.swift */,
			);
			path = View;
			sourceTree = "<group>";
		};
		A413DE8B1FB2AE0F00267978 /* Web Service */ = {
			isa = PBXGroup;
			children = (
				A413DE8C1FB2AEDA00267978 /* AirportAPI.swift */,
			);
			path = "Web Service";
			sourceTree = "<group>";
		};
/* End PBXGroup section */

/* Begin PBXNativeTarget section */
		A413DE711FB2ADA000267978 /* Air */ = {
			isa = PBXNativeTarget;
			buildConfigurationList = A413DE841FB2ADA000267978 /* Build configuration list for PBXNativeTarget "Air" */;
			buildPhases = (
				A413DE6E1FB2ADA000267978 /* Sources */,
				A413DE6F1FB2ADA000267978 /* Frameworks */,
				A413DE701FB2ADA000267978 /* Resources */,
			);
			buildRules = (
			);
			dependencies = (
			);
			name = Air;
			productName = Air;
			productReference = A413DE721FB2ADA000267978 /* Air.app */;
			productType = "com.apple.product-type.application";
		};
/* End PBXNativeTarget section */

/* Begin PBXProject section */
		A413DE6A1FB2ADA000267978 /* Project object */ = {
			isa = PBXProject;
			attributes = {
				LastSwiftUpdateCheck = 0910;
				LastUpgradeCheck = 0910;
				ORGANIZATIONNAME = "trvl, LLC";
				TargetAttributes = {
					A413DE711FB2ADA000267978 = {
						CreatedOnToolsVersion = 9.1;
						ProvisioningStyle = Automatic;
					};
				};
			};
			buildConfigurationList = A413DE6D1FB2ADA000267978 /* Build configuration list for PBXProject "Air" */;
			compatibilityVersion = "Xcode 8.0";
			developmentRegion = en;
			hasScannedForEncodings = 0;
			knownRegions = (
				en,
				Base,
			);
			mainGroup = A413DE691FB2ADA000267978;
			productRefGroup = A413DE731FB2ADA000267978 /* Products */;
			projectDirPath = "";
			projectRoot = "";
			targets = (
				A413DE711FB2ADA000267978 /* Air */,
			);
		};
/* End PBXProject section */

/* Begin PBXResourcesBuildPhase section */
		A413DE701FB2ADA000267978 /* Resources */ = {
			isa = PBXResourcesBuildPhase;
			buildActionMask = 2147483647;
			files = (
				A413DE801FB2ADA000267978 /* LaunchScreen.storyboard in Resources */,
				A413DE7D1FB2ADA000267978 /* Assets.xcassets in Resources */,
				A413DE7B1FB2ADA000267978 /* Main.storyboard in Resources */,
			);
			runOnlyForDeploymentPostprocessing = 0;
		};
/* End PBXResourcesBuildPhase section */

/* Begin PBXSourcesBuildPhase section */
		A413DE6E1FB2ADA000267978 /* Sources */ = {
			isa = PBXSourcesBuildPhase;
			buildActionMask = 2147483647;
			files = (
				A413DE8F1FB2AF5200267978 /* Airport.swift in Sources */,
				A413DE951FB2B07D00267978 /* AirportSerachController.swift in Sources */,
				A413DE911FB2AFAA00267978 /* DataStore.swift in Sources */,
				A413DE8D1FB2AEDA00267978 /* AirportAPI.swift in Sources */,
				A413DE991FB2B10F00267978 /* AirportDetailsController.swift in Sources */,
				A413DE971FB2B0D400267978 /* AirportsController.swift in Sources */,
				A413DE9B1FB2B12F00267978 /* AirportMapController.swift in Sources */,
				A413DE931FB2B00A00267978 /* AirportCell.swift in Sources */,
				A413DE761FB2ADA000267978 /* AppDelegate.swift in Sources */,
			);
			runOnlyForDeploymentPostprocessing = 0;
		};
/* End PBXSourcesBuildPhase section */

/* Begin PBXVariantGroup section */
		A413DE791FB2ADA000267978 /* Main.storyboard */ = {
			isa = PBXVariantGroup;
			children = (
				A413DE7A1FB2ADA000267978 /* Base */,
			);
			name = Main.storyboard;
			sourceTree = "<group>";
		};
		A413DE7E1FB2ADA000267978 /* LaunchScreen.storyboard */ = {
			isa = PBXVariantGroup;
			children = (
				A413DE7F1FB2ADA000267978 /* Base */,
			);
			name = LaunchScreen.storyboard;
			sourceTree = "<group>";
		};
/* End PBXVariantGroup section */

/* Begin XCBuildConfiguration section */
		A413DE821FB2ADA000267978 /* Debug */ = {
			isa = XCBuildConfiguration;
			buildSettings = {
				ALWAYS_SEARCH_USER_PATHS = NO;
				CLANG_ANALYZER_NONNULL = YES;
				CLANG_ANALYZER_NUMBER_OBJECT_CONVERSION = YES_AGGRESSIVE;
				CLANG_CXX_LANGUAGE_STANDARD = "gnu++14";
				CLANG_CXX_LIBRARY = "libc++";
				CLANG_ENABLE_MODULES = YES;
				CLANG_ENABLE_OBJC_ARC = YES;
				CLANG_WARN_BLOCK_CAPTURE_AUTORELEASING = YES;
				CLANG_WARN_BOOL_CONVERSION = YES;
				CLANG_WARN_COMMA = YES;
				CLANG_WARN_CONSTANT_CONVERSION = YES;
				CLANG_WARN_DIRECT_OBJC_ISA_USAGE = YES_ERROR;
				CLANG_WARN_DOCUMENTATION_COMMENTS = YES;
				CLANG_WARN_EMPTY_BODY = YES;
				CLANG_WARN_ENUM_CONVERSION = YES;
				CLANG_WARN_INFINITE_RECURSION = YES;
				CLANG_WARN_INT_CONVERSION = YES;
				CLANG_WARN_NON_LITERAL_NULL_CONVERSION = YES;
				CLANG_WARN_OBJC_LITERAL_CONVERSION = YES;
				CLANG_WARN_OBJC_ROOT_CLASS = YES_ERROR;
				CLANG_WARN_RANGE_LOOP_ANALYSIS = YES;
				CLANG_WARN_STRICT_PROTOTYPES = YES;
				CLANG_WARN_SUSPICIOUS_MOVE = YES;
				CLANG_WARN_UNGUARDED_AVAILABILITY = YES_AGGRESSIVE;
				CLANG_WARN_UNREACHABLE_CODE = YES;
				CLANG_WARN__DUPLICATE_METHOD_MATCH = YES;
				CODE_SIGN_IDENTITY = "iPhone Developer";
				COPY_PHASE_STRIP = NO;
				DEBUG_INFORMATION_FORMAT = dwarf;
				ENABLE_STRICT_OBJC_MSGSEND = YES;
				ENABLE_TESTABILITY = YES;
				GCC_C_LANGUAGE_STANDARD = gnu11;
				GCC_DYNAMIC_NO_PIC = NO;
				GCC_NO_COMMON_BLOCKS = YES;
				GCC_OPTIMIZATION_LEVEL = 0;
				GCC_PREPROCESSOR_DEFINITIONS = (
					"DEBUG=1",
					"$(inherited)",
				);
				GCC_WARN_64_TO_32_BIT_CONVERSION = YES;
				GCC_WARN_ABOUT_RETURN_TYPE = YES_ERROR;
				GCC_WARN_UNDECLARED_SELECTOR = YES;
				GCC_WARN_UNINITIALIZED_AUTOS = YES_AGGRESSIVE;
				GCC_WARN_UNUSED_FUNCTION = YES;
				GCC_WARN_UNUSED_VARIABLE = YES;
				IPHONEOS_DEPLOYMENT_TARGET = 11.1;
				MTL_ENABLE_DEBUG_INFO = YES;
				ONLY_ACTIVE_ARCH = YES;
				SDKROOT = iphoneos;
				SWIFT_ACTIVE_COMPILATION_CONDITIONS = DEBUG;
				SWIFT_OPTIMIZATION_LEVEL = "-Onone";
			};
			name = Debug;
		};
		A413DE831FB2ADA000267978 /* Release */ = {
			isa = XCBuildConfiguration;
			buildSettings = {
				ALWAYS_SEARCH_USER_PATHS = NO;
				CLANG_ANALYZER_NONNULL = YES;
				CLANG_ANALYZER_NUMBER_OBJECT_CONVERSION = YES_AGGRESSIVE;
				CLANG_CXX_LANGUAGE_STANDARD = "gnu++14";
				CLANG_CXX_LIBRARY = "libc++";
				CLANG_ENABLE_MODULES = YES;
				CLANG_ENABLE_OBJC_ARC = YES;
				CLANG_WARN_BLOCK_CAPTURE_AUTORELEASING = YES;
				CLANG_WARN_BOOL_CONVERSION = YES;
				CLANG_WARN_COMMA = YES;
				CLANG_WARN_CONSTANT_CONVERSION = YES;
				CLANG_WARN_DIRECT_OBJC_ISA_USAGE = YES_ERROR;
				CLANG_WARN_DOCUMENTATION_COMMENTS = YES;
				CLANG_WARN_EMPTY_BODY = YES;
				CLANG_WARN_ENUM_CONVERSION = YES;
				CLANG_WARN_INFINITE_RECURSION = YES;
				CLANG_WARN_INT_CONVERSION = YES;
				CLANG_WARN_NON_LITERAL_NULL_CONVERSION = YES;
				CLANG_WARN_OBJC_LITERAL_CONVERSION = YES;
				CLANG_WARN_OBJC_ROOT_CLASS = YES_ERROR;
				CLANG_WARN_RANGE_LOOP_ANALYSIS = YES;
				CLANG_WARN_STRICT_PROTOTYPES = YES;
				CLANG_WARN_SUSPICIOUS_MOVE = YES;
				CLANG_WARN_UNGUARDED_AVAILABILITY = YES_AGGRESSIVE;
				CLANG_WARN_UNREACHABLE_CODE = YES;
				CLANG_WARN__DUPLICATE_METHOD_MATCH = YES;
				CODE_SIGN_IDENTITY = "iPhone Developer";
				COPY_PHASE_STRIP = NO;
				DEBUG_INFORMATION_FORMAT = "dwarf-with-dsym";
				ENABLE_NS_ASSERTIONS = NO;
				ENABLE_STRICT_OBJC_MSGSEND = YES;
				GCC_C_LANGUAGE_STANDARD = gnu11;
				GCC_NO_COMMON_BLOCKS = YES;
				GCC_WARN_64_TO_32_BIT_CONVERSION = YES;
				GCC_WARN_ABOUT_RETURN_TYPE = YES_ERROR;
				GCC_WARN_UNDECLARED_SELECTOR = YES;
				GCC_WARN_UNINITIALIZED_AUTOS = YES_AGGRESSIVE;
				GCC_WARN_UNUSED_FUNCTION = YES;
				GCC_WARN_UNUSED_VARIABLE = YES;
				IPHONEOS_DEPLOYMENT_TARGET = 11.1;
				MTL_ENABLE_DEBUG_INFO = NO;
				SDKROOT = iphoneos;
				SWIFT_OPTIMIZATION_LEVEL = "-Owholemodule";
				VALIDATE_PRODUCT = YES;
			};
			name = Release;
		};
		A413DE851FB2ADA000267978 /* Debug */ = {
			isa = XCBuildConfiguration;
			buildSettings = {
				ASSETCATALOG_COMPILER_APPICON_NAME = AppIcon;
				CODE_SIGN_STYLE = Automatic;
				DEVELOPMENT_TEAM = 6D9CKTK39V;
				INFOPLIST_FILE = Air/Info.plist;
				LD_RUNPATH_SEARCH_PATHS = "$(inherited) @executable_path/Frameworks";
				PRODUCT_BUNDLE_IDENTIFIER = com.jsanchezrides.Air;
				PRODUCT_NAME = "$(TARGET_NAME)";
				SWIFT_VERSION = 4.0;
				TARGETED_DEVICE_FAMILY = "1,2";
			};
			name = Debug;
		};
		A413DE861FB2ADA000267978 /* Release */ = {
			isa = XCBuildConfiguration;
			buildSettings = {
				ASSETCATALOG_COMPILER_APPICON_NAME = AppIcon;
				CODE_SIGN_STYLE = Automatic;
				DEVELOPMENT_TEAM = 6D9CKTK39V;
				INFOPLIST_FILE = Air/Info.plist;
				LD_RUNPATH_SEARCH_PATHS = "$(inherited) @executable_path/Frameworks";
				PRODUCT_BUNDLE_IDENTIFIER = com.jsanchezrides.Air;
				PRODUCT_NAME = "$(TARGET_NAME)";
				SWIFT_VERSION = 4.0;
				TARGETED_DEVICE_FAMILY = "1,2";
			};
			name = Release;
		};
/* End XCBuildConfiguration section */

/* Begin XCConfigurationList section */
		A413DE6D1FB2ADA000267978 /* Build configuration list for PBXProject "Air" */ = {
			isa = XCConfigurationList;
			buildConfigurations = (
				A413DE821FB2ADA000267978 /* Debug */,
				A413DE831FB2ADA000267978 /* Release */,
			);
			defaultConfigurationIsVisible = 0;
			defaultConfigurationName = Release;
		};
		A413DE841FB2ADA000267978 /* Build configuration list for PBXNativeTarget "Air" */ = {
			isa = XCConfigurationList;
			buildConfigurations = (
				A413DE851FB2ADA000267978 /* Debug */,
				A413DE861FB2ADA000267978 /* Release */,
			);
			defaultConfigurationIsVisible = 0;
			defaultConfigurationName = Release;
		};
/* End XCConfigurationList section */
	};
	rootObject = A413DE6A1FB2ADA000267978 /* Project object */;
}
